{
  "lockfile_version": "1",
  "packages": {
    "go-task@latest": {
      "last_modified": "2024-06-12T20:55:33Z",
      "resolved": "github:NixOS/nixpkgs/a9858885e197f984d92d7fe64e9fff6b2e488d40#go-task",
      "source": "devbox-search",
      "version": "3.37.2",
      "systems": {
        "aarch64-darwin": {
          "outputs": [
            {
              "name": "out",
              "path": "/nix/store/xj1p4vb2b09610dpyn1wh7qg6axicdw9-go-task-3.37.2",
              "default": true
            }
          ],
          "store_path": "/nix/store/xj1p4vb2b09610dpyn1wh7qg6axicdw9-go-task-3.37.2"
        },
        "aarch64-linux": {
          "outputs": [
            {
              "name": "out",
              "path": "/nix/store/i7rv367d2p5yj6hhsbja96rlkvj7fvm5-go-task-3.37.2",
              "default": true
            }
          ],
          "store_path": "/nix/store/i7rv367d2p5yj6hhsbja96rlkvj7fvm5-go-task-3.37.2"
        },
        "x86_64-darwin": {
          "outputs": [
            {
              "name": "out",
              "path": "/nix/store/vqas5d4fd44paghrjyyj5wa52mv5inr5-go-task-3.37.2",
              "default": true
            }
          ],
          "store_path": "/nix/store/vqas5d4fd44paghrjyyj5wa52mv5inr5-go-task-3.37.2"
        },
        "x86_64-linux": {
          "outputs": [
            {
              "name": "out",
              "path": "/nix/store/gy9vnx7dm5chq2isyi6ig9x908hb7kd6-go-task-3.37.2",
              "default": true
            }
          ],
          "store_path": "/nix/store/gy9vnx7dm5chq2isyi6ig9x908hb7kd6-go-task-3.37.2"
        }
      }
    },
    "goreleaser@latest": {
      "last_modified": "2024-06-12T20:55:33Z",
      "resolved": "github:NixOS/nixpkgs/a9858885e197f984d92d7fe64e9fff6b2e488d40#goreleaser",
      "source": "devbox-search",
      "version": "2.0.1",
      "systems": {
        "aarch64-darwin": {
          "outputs": [
            {
              "name": "out",
              "path": "/nix/store/q7m5pjg8qcjyi4z003l3nynzl0q8z1qz-goreleaser-2.0.1",
              "default": true
            }
          ],
          "store_path": "/nix/store/q7m5pjg8qcjyi4z003l3nynzl0q8z1qz-goreleaser-2.0.1"
        },
        "aarch64-linux": {
          "outputs": [
            {
              "name": "out",
              "path": "/nix/store/n7iwwr7c3ihckm53gp1wjhg96lg10lsq-goreleaser-2.0.1",
              "default": true
            }
          ],
          "store_path": "/nix/store/n7iwwr7c3ihckm53gp1wjhg96lg10lsq-goreleaser-2.0.1"
        },
        "x86_64-darwin": {
          "outputs": [
            {
              "name": "out",
              "path": "/nix/store/l0366an09r4c9g64m53gyp9020z4bs91-goreleaser-2.0.1",
              "default": true
            }
          ],
          "store_path": "/nix/store/l0366an09r4c9g64m53gyp9020z4bs91-goreleaser-2.0.1"
        },
        "x86_64-linux": {
          "outputs": [
            {
              "name": "out",
              "path": "/nix/store/k4iirlbycqkgmm14gc1b6bamf617zgyj-goreleaser-2.0.1",
              "default": true
            }
          ],
          "store_path": "/nix/store/k4iirlbycqkgmm14gc1b6bamf617zgyj-goreleaser-2.0.1"
        }
      }
    },
    "sqlc@1.26.0": {
      "last_modified": "2024-06-12T20:55:33Z",
      "resolved": "github:NixOS/nixpkgs/a9858885e197f984d92d7fe64e9fff6b2e488d40#sqlc",
      "source": "devbox-search",
      "version": "1.26.0",
      "systems": {
        "aarch64-darwin": {
          "outputs": [
            {
              "name": "out",
              "path": "/nix/store/k87s4i4aiswanqznlsslh15mqam7h31s-sqlc-1.26.0",
              "default": true
            }
          ],
          "store_path": "/nix/store/k87s4i4aiswanqznlsslh15mqam7h31s-sqlc-1.26.0"
        },
        "aarch64-linux": {
          "outputs": [
            {
              "name": "out",
              "path": "/nix/store/q20v0zgb92cfxszwy8whjc2mza1bh24k-sqlc-1.26.0",
              "default": true
            }
          ],
          "store_path": "/nix/store/q20v0zgb92cfxszwy8whjc2mza1bh24k-sqlc-1.26.0"
        },
        "x86_64-darwin": {
          "outputs": [
            {
              "name": "out",
              "path": "/nix/store/2dn1l5zrzsyvn3n7cx6np1f4k0djqm10-sqlc-1.26.0",
              "default": true
            }
          ],
          "store_path": "/nix/store/2dn1l5zrzsyvn3n7cx6np1f4k0djqm10-sqlc-1.26.0"
        },
        "x86_64-linux": {
          "outputs": [
            {
              "name": "out",
              "path": "/nix/store/3ax2idp45jcx3svnrygz4yxdaqddhdgl-sqlc-1.26.0",
              "default": true
            }
          ],
          "store_path": "/nix/store/3ax2idp45jcx3svnrygz4yxdaqddhdgl-sqlc-1.26.0"
        }
      }
    },
    "templ@0.3.833": {
      "last_modified": "2025-02-07T11:26:36Z",
      "resolved": "github:NixOS/nixpkgs/d98abf5cf5914e5e4e9d57205e3af55ca90ffc1d#templ",
      "source": "devbox-search",
      "version": "0.3.833",
      "systems": {
        "aarch64-darwin": {
          "outputs": [
            {
              "name": "out",
              "path": "/nix/store/44fcrndxghqjnayb2g0f9m9mn679908d-templ-0.3.833",
              "default": true
            }
          ],
          "store_path": "/nix/store/44fcrndxghqjnayb2g0f9m9mn679908d-templ-0.3.833"
        },
        "aarch64-linux": {
          "outputs": [
            {
              "name": "out",
              "path": "/nix/store/cc5r1cj29lvjkzrkngfa3n5bn4ypf1cp-templ-0.3.833",
              "default": true
            }
          ],
          "store_path": "/nix/store/cc5r1cj29lvjkzrkngfa3n5bn4ypf1cp-templ-0.3.833"
        },
        "x86_64-darwin": {
          "outputs": [
            {
              "name": "out",
              "path": "/nix/store/xm1cr5nfpmmz7i9871azk02rnxdgajm6-templ-0.3.833",
              "default": true
            }
          ],
          "store_path": "/nix/store/xm1cr5nfpmmz7i9871azk02rnxdgajm6-templ-0.3.833"
        },
        "x86_64-linux": {
          "outputs": [
            {
              "name": "out",
              "path": "/nix/store/4r7j4z9jy39abrimj8191id222qbning-templ-0.3.833",
              "default": true
            }
          ],
          "store_path": "/nix/store/4r7j4z9jy39abrimj8191id222qbning-templ-0.3.833"
        }
      }
    }
  }
}
